{
  "name": "curlylint",
  "version": "0.1.0",
  "lockfileVersion": 2,
  "requires": true,
  "packages": {
    "": {
      "name": "curlylint",
      "version": "0.1.0",
      "license": "MIT",
      "dependencies": {
        "18": "*"
      },
      "devDependencies": {
        "prettier": "2.6.1"
      }
    },
    "node_modules/18": {
      "version": "0.0.0",
      "resolved": "https://registry.npmjs.org/18/-/18-0.0.0.tgz",
      "integrity": "sha512-2SPMA/ciHy16yY4uVXDrW8q7nLwb2F2Vrt8Qz5OiVo9cyC8Wo8/rwC2hDzbqlTXhIwzt2Y4yJRLem6XMNbT/3A=="
    },
    "node_modules/prettier": {
      "version": "2.6.1",
      "resolved": "https://registry.npmjs.org/prettier/-/prettier-2.6.1.tgz",
      "integrity": "sha512-8UVbTBYGwN37Bs9LERmxCPjdvPxlEowx2urIL6urHzdb3SDq4B/Z6xLFCblrSnE4iKWcS6ziJ3aOYrc1kz/E2A==",
      "dev": true,
      "bin": {
        "prettier": "bin-prettier.js"
      },
      "engines": {
        "node": ">=10.13.0"
      },
      "funding": {
        "url": "https://github.com/prettier/prettier?sponsor=1"
      }
    }
  },
  "dependencies": {
    "18": {
      "version": "0.0.0",
      "resolved": "https://registry.npmjs.org/18/-/18-0.0.0.tgz",
      "integrity": "sha512-2SPMA/ciHy16yY4uVXDrW8q7nLwb2F2Vrt8Qz5OiVo9cyC8Wo8/rwC2hDzbqlTXhIwzt2Y4yJRLem6XMNbT/3A=="
    },
    "prettier": {
      "version": "2.6.1",
      "resolved": "https://registry.npmjs.org/prettier/-/prettier-2.6.1.tgz",
      "integrity": "sha512-8UVbTBYGwN37Bs9LERmxCPjdvPxlEowx2urIL6urHzdb3SDq4B/Z6xLFCblrSnE4iKWcS6ziJ3aOYrc1kz/E2A==",
      "dev": true
    }
  }
}
